
Microsoft Visual Studio Solution File, Format Version 12.00
# Visual Studio Version 16
VisualStudioVersion = 16.0.30309.148
MinimumVisualStudioVersion = 10.0.40219.1
Project("{8BC9CEB8-8B4A-11D0-8D11-00A0C91BC942}") = "pl_cpp", "pl_cpp.vcxproj", "{F94B61D1-C2D0-434B-B59E-47D76ABAEB3F}"
EndProject
Global
	GlobalSection(SolutionConfigurationPlatforms) = preSolution
		Debug|x64 = Debug|x64
		Debug|x86 = Debug|x86
		Release|x64 = Release|x64
		Release|x86 = Release|x86
	EndGlobalSection
	GlobalSection(ProjectConfigurationPlatforms) = postSolution
		{F94B61D1-C2D0-434B-B59E-47D76ABAEB3F}.Debug|x64.ActiveCfg = Debug|x64
		{F94B61D1-C2D0-434B-B59E-47D76ABAEB3F}.Debug|x64.Build.0 = Debug|x64
		{F94B61D1-C2D0-434B-B59E-47D76ABAEB3F}.Debug|x86.ActiveCfg = Debug|Win32
		{F94B61D1-C2D0-434B-B59E-47D76ABAEB3F}.Debug|x86.Build.0 = Debug|Win32
		{F94B61D1-C2D0-434B-B59E-47D76ABAEB3F}.Release|x64.ActiveCfg = Release|x64
		{F94B61D1-C2D0-434B-B59E-47D76ABAEB3F}.Release|x64.Build.0 = Release|x64
		{F94B61D1-C2D0-434B-B59E-47D76ABAEB3F}.Release|x86.ActiveCfg = Release|Win32
		{F94B61D1-C2D0-434B-B59E-47D76ABAEB3F}.Release|x86.Build.0 = Release|Win32
	EndGlobalSection
	GlobalSection(SolutionProperties) = preSolution
		HideSolutionNode = FALSE
	EndGlobalSection
	GlobalSection(ExtensibilityGlobals) = postSolution
		SolutionGuid = {F751A472-5C7E-4A2C-B372-38B94C24D1FE}
	EndGlobalSection
EndGlobal
